
Microsoft Visual Studio Solution File, Format Version 12.00
# Visual Studio Version 16
VisualStudioVersion = 16.0.31129.286
MinimumVisualStudioVersion = 10.0.40219.1
Project("{FAE04EC0-301F-11D3-BF4B-00C04F79EFBC}") = "AppWidget", "AppWidget\AppWidget.csproj", "{C8948EA0-AB83-43E1-928F-45FE2FC3D94D}"
EndProject
Global
	GlobalSection(SolutionConfigurationPlatforms) = preSolution
		Debug|Any CPU = Debug|Any CPU
		Release|Any CPU = Release|Any CPU
	EndGlobalSection
	GlobalSection(ProjectConfigurationPlatforms) = postSolution
		{C8948EA0-AB83-43E1-928F-45FE2FC3D94D}.Debug|Any CPU.ActiveCfg = Debug|Any CPU
		{C8948EA0-AB83-43E1-928F-45FE2FC3D94D}.Debug|Any CPU.Build.0 = Debug|Any CPU
		{C8948EA0-AB83-43E1-928F-45FE2FC3D94D}.Debug|Any CPU.Deploy.0 = Debug|Any CPU
		{C8948EA0-AB83-43E1-928F-45FE2FC3D94D}.Release|Any CPU.ActiveCfg = Release|Any CPU
		{C8948EA0-AB83-43E1-928F-45FE2FC3D94D}.Release|Any CPU.Build.0 = Release|Any CPU
		{C8948EA0-AB83-43E1-928F-45FE2FC3D94D}.Release|Any CPU.Deploy.0 = Release|Any CPU
	EndGlobalSection
	GlobalSection(SolutionProperties) = preSolution
		HideSolutionNode = FALSE
	EndGlobalSection
	GlobalSection(ExtensibilityGlobals) = postSolution
		SolutionGuid = {BF8327E6-52ED-4AB1-9F2D-BB4B8F70E543}
	EndGlobalSection
EndGlobal
